
Microsoft Visual Studio Solution File, Format Version 12.00
# Visual Studio Version 17
VisualStudioVersion = 17.13.35931.197 d17.13
MinimumVisualStudioVersion = 10.0.40219.1
Project("{FAE04EC0-301F-11D3-BF4B-00C04F79EFBC}") = "Main Form", "Main Form\Main Form.csproj", "{2C2336AF-2E0A-41FB-AB3C-D48A12CA2E65}"
EndProject
Global
	GlobalSection(SolutionConfigurationPlatforms) = preSolution
		Debug|Any CPU = Debug|Any CPU
		Release|Any CPU = Release|Any CPU
	EndGlobalSection
	GlobalSection(ProjectConfigurationPlatforms) = postSolution
		{2C2336AF-2E0A-41FB-AB3C-D48A12CA2E65}.Debug|Any CPU.ActiveCfg = Debug|Any CPU
		{2C2336AF-2E0A-41FB-AB3C-D48A12CA2E65}.Debug|Any CPU.Build.0 = Debug|Any CPU
		{2C2336AF-2E0A-41FB-AB3C-D48A12CA2E65}.Release|Any CPU.ActiveCfg = Release|Any CPU
		{2C2336AF-2E0A-41FB-AB3C-D48A12CA2E65}.Release|Any CPU.Build.0 = Release|Any CPU
	EndGlobalSection
	GlobalSection(SolutionProperties) = preSolution
		HideSolutionNode = FALSE
	EndGlobalSection
	GlobalSection(ExtensibilityGlobals) = postSolution
		SolutionGuid = {690F3A2A-6539-433E-820A-007FBD2719AC}
	EndGlobalSection
EndGlobal
